// !$*UTF8*$!
{
	archiveVersion = 1;
	classes = {
	};
	objectVersion = 56;
	objects = {

/* Begin PBXBuildFile section */
		1D433F6B2C37E21900412893 /* Preview Assets.xcassets in Resources */ = {isa = PBXBuildFile; fileRef = 1D433F692C37E21900412893 /* Preview Assets.xcassets */; };
		1DC4C3552C36B34000C27EE1 /* WeatherAppApp.swift in Sources */ = {isa = PBXBuildFile; fileRef = 1DC4C3542C36B34000C27EE1 /* WeatherAppApp.swift */; };
		1DC4C3572C36B34000C27EE1 /* ContentView.swift in Sources */ = {isa = PBXBuildFile; fileRef = 1DC4C3562C36B34000C27EE1 /* ContentView.swift */; };
		1DC4C3592C36B34000C27EE1 /* Assets.xcassets in Resources */ = {isa = PBXBuildFile; fileRef = 1DC4C3582C36B34000C27EE1 /* Assets.xcassets */; };
		1DC4C3642C36B9EF00C27EE1 /* Colors.xcassets in Resources */ = {isa = PBXBuildFile; fileRef = 1DC4C3632C36B9EF00C27EE1 /* Colors.xcassets */; };
		1DC4C3682C36BA4000C27EE1 /* HomeView.swift in Sources */ = {isa = PBXBuildFile; fileRef = 1DC4C3672C36BA4000C27EE1 /* HomeView.swift */; };
		1DC4C36A2C36BAFC00C27EE1 /* AppConstants.swift in Sources */ = {isa = PBXBuildFile; fileRef = 1DC4C3692C36BAFC00C27EE1 /* AppConstants.swift */; };
		1DC4C3712C36BF3D00C27EE1 /* Roboto-Medium.ttf in Resources */ = {isa = PBXBuildFile; fileRef = 1DC4C36E2C36BF3D00C27EE1 /* Roboto-Medium.ttf */; };
		1DC4C3722C36BF3D00C27EE1 /* Roboto-Bold.ttf in Resources */ = {isa = PBXBuildFile; fileRef = 1DC4C36F2C36BF3D00C27EE1 /* Roboto-Bold.ttf */; };
		1DC4C3732C36BF3D00C27EE1 /* Roboto-Light.ttf in Resources */ = {isa = PBXBuildFile; fileRef = 1DC4C3702C36BF3D00C27EE1 /* Roboto-Light.ttf */; };
		1DC4C3782C36EA4500C27EE1 /* UIColor+Extension.swift in Sources */ = {isa = PBXBuildFile; fileRef = 1DC4C3772C36EA4500C27EE1 /* UIColor+Extension.swift */; };
		1DC4C37A2C36EB5400C27EE1 /* NextWeekCardView.swift in Sources */ = {isa = PBXBuildFile; fileRef = 1DC4C3792C36EB5400C27EE1 /* NextWeekCardView.swift */; };
		1DC4C37C2C37B1C100C27EE1 /* SavedLocationsView.swift in Sources */ = {isa = PBXBuildFile; fileRef = 1DC4C37B2C37B1C100C27EE1 /* SavedLocationsView.swift */; };
		1DC4C37E2C37B31E00C27EE1 /* SavedLocationCard.swift in Sources */ = {isa = PBXBuildFile; fileRef = 1DC4C37D2C37B31E00C27EE1 /* SavedLocationCard.swift */; };
		1DE7F9892C3841CB0043178F /* WeatherService.swift in Sources */ = {isa = PBXBuildFile; fileRef = 1DE7F9882C3841CB0043178F /* WeatherService.swift */; };
/* End PBXBuildFile section */

/* Begin PBXFileReference section */
		1D433F692C37E21900412893 /* Preview Assets.xcassets */ = {isa = PBXFileReference; lastKnownFileType = folder.assetcatalog; path = "Preview Assets.xcassets"; sourceTree = "<group>"; };
		1DC4C3512C36B34000C27EE1 /* WeatherApp.app */ = {isa = PBXFileReference; explicitFileType = wrapper.application; includeInIndex = 0; path = WeatherApp.app; sourceTree = BUILT_PRODUCTS_DIR; };
		1DC4C3542C36B34000C27EE1 /* WeatherAppApp.swift */ = {isa = PBXFileReference; lastKnownFileType = sourcecode.swift; path = WeatherAppApp.swift; sourceTree = "<group>"; };
		1DC4C3562C36B34000C27EE1 /* ContentView.swift */ = {isa = PBXFileReference; lastKnownFileType = sourcecode.swift; path = ContentView.swift; sourceTree = "<group>"; };
		1DC4C3582C36B34000C27EE1 /* Assets.xcassets */ = {isa = PBXFileReference; lastKnownFileType = folder.assetcatalog; path = Assets.xcassets; sourceTree = "<group>"; };
		1DC4C3632C36B9EF00C27EE1 /* Colors.xcassets */ = {isa = PBXFileReference; lastKnownFileType = folder.assetcatalog; path = Colors.xcassets; sourceTree = "<group>"; };
		1DC4C3672C36BA4000C27EE1 /* HomeView.swift */ = {isa = PBXFileReference; lastKnownFileType = sourcecode.swift; path = HomeView.swift; sourceTree = "<group>"; };
		1DC4C3692C36BAFC00C27EE1 /* AppConstants.swift */ = {isa = PBXFileReference; lastKnownFileType = sourcecode.swift; path = AppConstants.swift; sourceTree = "<group>"; };
		1DC4C36E2C36BF3D00C27EE1 /* Roboto-Medium.ttf */ = {isa = PBXFileReference; lastKnownFileType = file; path = "Roboto-Medium.ttf"; sourceTree = "<group>"; };
		1DC4C36F2C36BF3D00C27EE1 /* Roboto-Bold.ttf */ = {isa = PBXFileReference; lastKnownFileType = file; path = "Roboto-Bold.ttf"; sourceTree = "<group>"; };
		1DC4C3702C36BF3D00C27EE1 /* Roboto-Light.ttf */ = {isa = PBXFileReference; lastKnownFileType = file; path = "Roboto-Light.ttf"; sourceTree = "<group>"; };
		1DC4C3742C36BF4D00C27EE1 /* Info.plist */ = {isa = PBXFileReference; lastKnownFileType = text.plist; path = Info.plist; sourceTree = "<group>"; };
		1DC4C3772C36EA4500C27EE1 /* UIColor+Extension.swift */ = {isa = PBXFileReference; lastKnownFileType = sourcecode.swift; path = "UIColor+Extension.swift"; sourceTree = "<group>"; };
		1DC4C3792C36EB5400C27EE1 /* NextWeekCardView.swift */ = {isa = PBXFileReference; lastKnownFileType = sourcecode.swift; path = NextWeekCardView.swift; sourceTree = "<group>"; };
		1DC4C37B2C37B1C100C27EE1 /* SavedLocationsView.swift */ = {isa = PBXFileReference; lastKnownFileType = sourcecode.swift; path = SavedLocationsView.swift; sourceTree = "<group>"; };
		1DC4C37D2C37B31E00C27EE1 /* SavedLocationCard.swift */ = {isa = PBXFileReference; lastKnownFileType = sourcecode.swift; path = SavedLocationCard.swift; sourceTree = "<group>"; };
		1DE7F9882C3841CB0043178F /* WeatherService.swift */ = {isa = PBXFileReference; lastKnownFileType = sourcecode.swift; path = WeatherService.swift; sourceTree = "<group>"; };
/* End PBXFileReference section */

/* Begin PBXFrameworksBuildPhase section */
		1DC4C34E2C36B34000C27EE1 /* Frameworks */ = {
			isa = PBXFrameworksBuildPhase;
			buildActionMask = 2147483647;
			files = (
			);
			runOnlyForDeploymentPostprocessing = 0;
		};
/* End PBXFrameworksBuildPhase section */

/* Begin PBXGroup section */
		1D433F6A2C37E21900412893 /* Preview Content */ = {
			isa = PBXGroup;
			children = (
				1D433F692C37E21900412893 /* Preview Assets.xcassets */,
			);
			path = "Preview Content";
			sourceTree = "<group>";
		};
		1DC4C3482C36B34000C27EE1 = {
			isa = PBXGroup;
			children = (
				1DC4C3532C36B34000C27EE1 /* WeatherApp */,
				1DC4C3522C36B34000C27EE1 /* Products */,
			);
			sourceTree = "<group>";
		};
		1DC4C3522C36B34000C27EE1 /* Products */ = {
			isa = PBXGroup;
			children = (
				1DC4C3512C36B34000C27EE1 /* WeatherApp.app */,
			);
			name = Products;
			sourceTree = "<group>";
		};
		1DC4C3532C36B34000C27EE1 /* WeatherApp */ = {
			isa = PBXGroup;
			children = (
				1DC4C3742C36BF4D00C27EE1 /* Info.plist */,
				1DC4C3562C36B34000C27EE1 /* ContentView.swift */,
				1DC4C3662C36BA0500C27EE1 /* Application */,
				1DC4C3652C36B9FA00C27EE1 /* Views */,
				1DC4C36C2C36BF2900C27EE1 /* Resources */,
				1DE7F9862C3841890043178F /* Utilities */,
				1D433F6A2C37E21900412893 /* Preview Content */,
			);
			path = WeatherApp;
			sourceTree = "<group>";
		};
		1DC4C3652C36B9FA00C27EE1 /* Views */ = {
			isa = PBXGroup;
			children = (
				1DC4C3752C36E81200C27EE1 /* Components */,
				1DC4C3672C36BA4000C27EE1 /* HomeView.swift */,
				1DC4C37B2C37B1C100C27EE1 /* SavedLocationsView.swift */,
			);
			path = Views;
			sourceTree = "<group>";
		};
		1DC4C3662C36BA0500C27EE1 /* Application */ = {
			isa = PBXGroup;
			children = (
				1DC4C3542C36B34000C27EE1 /* WeatherAppApp.swift */,
			);
			path = Application;
			sourceTree = "<group>";
		};
		1DC4C36C2C36BF2900C27EE1 /* Resources */ = {
			isa = PBXGroup;
			children = (
				1DC4C36D2C36BF3100C27EE1 /* Fonts */,
				1DC4C3582C36B34000C27EE1 /* Assets.xcassets */,
				1DC4C3632C36B9EF00C27EE1 /* Colors.xcassets */,
			);
			path = Resources;
			sourceTree = "<group>";
		};
		1DC4C36D2C36BF3100C27EE1 /* Fonts */ = {
			isa = PBXGroup;
			children = (
				1DC4C36F2C36BF3D00C27EE1 /* Roboto-Bold.ttf */,
				1DC4C3702C36BF3D00C27EE1 /* Roboto-Light.ttf */,
				1DC4C36E2C36BF3D00C27EE1 /* Roboto-Medium.ttf */,
			);
			path = Fonts;
			sourceTree = "<group>";
		};
		1DC4C3752C36E81200C27EE1 /* Components */ = {
			isa = PBXGroup;
			children = (
				1DC4C3792C36EB5400C27EE1 /* NextWeekCardView.swift */,
				1DC4C37D2C37B31E00C27EE1 /* SavedLocationCard.swift */,
			);
			path = Components;
			sourceTree = "<group>";
		};
		1DE7F9852C3840E60043178F /* Extensions */ = {
			isa = PBXGroup;
			children = (
				1DC4C3772C36EA4500C27EE1 /* UIColor+Extension.swift */,
			);
			path = Extensions;
			sourceTree = "<group>";
		};
		1DE7F9862C3841890043178F /* Utilities */ = {
			isa = PBXGroup;
			children = (
				1DE7F98A2C3841D10043178F /* Services */,
				1DE7F9852C3840E60043178F /* Extensions */,
				1DE7F9872C3841990043178F /* Constants */,
			);
			path = Utilities;
			sourceTree = "<group>";
		};
		1DE7F9872C3841990043178F /* Constants */ = {
			isa = PBXGroup;
			children = (
				1DC4C3692C36BAFC00C27EE1 /* AppConstants.swift */,
			);
			path = Constants;
			sourceTree = "<group>";
		};
		1DE7F98A2C3841D10043178F /* Services */ = {
			isa = PBXGroup;
			children = (
				1DE7F9882C3841CB0043178F /* WeatherService.swift */,
			);
			path = Services;
			sourceTree = "<group>";
		};
/* End PBXGroup section */

/* Begin PBXNativeTarget section */
		1DC4C3502C36B34000C27EE1 /* WeatherApp */ = {
			isa = PBXNativeTarget;
			buildConfigurationList = 1DC4C35F2C36B34000C27EE1 /* Build configuration list for PBXNativeTarget "WeatherApp" */;
			buildPhases = (
				1DC4C34D2C36B34000C27EE1 /* Sources */,
				1DC4C34E2C36B34000C27EE1 /* Frameworks */,
				1DC4C34F2C36B34000C27EE1 /* Resources */,
			);
			buildRules = (
			);
			dependencies = (
			);
			name = WeatherApp;
			productName = SkyCast;
			productReference = 1DC4C3512C36B34000C27EE1 /* WeatherApp.app */;
			productType = "com.apple.product-type.application";
		};
/* End PBXNativeTarget section */

/* Begin PBXProject section */
		1DC4C3492C36B34000C27EE1 /* Project object */ = {
			isa = PBXProject;
			attributes = {
				BuildIndependentTargetsInParallel = 1;
				LastSwiftUpdateCheck = 1540;
				LastUpgradeCheck = 1540;
				TargetAttributes = {
					1DC4C3502C36B34000C27EE1 = {
						CreatedOnToolsVersion = 15.4;
					};
				};
			};
			buildConfigurationList = 1DC4C34C2C36B34000C27EE1 /* Build configuration list for PBXProject "WeatherApp" */;
			compatibilityVersion = "Xcode 14.0";
			developmentRegion = en;
			hasScannedForEncodings = 0;
			knownRegions = (
				en,
				Base,
			);
			mainGroup = 1DC4C3482C36B34000C27EE1;
			productRefGroup = 1DC4C3522C36B34000C27EE1 /* Products */;
			projectDirPath = "";
			projectRoot = "";
			targets = (
				1DC4C3502C36B34000C27EE1 /* WeatherApp */,
			);
		};
/* End PBXProject section */

/* Begin PBXResourcesBuildPhase section */
		1DC4C34F2C36B34000C27EE1 /* Resources */ = {
			isa = PBXResourcesBuildPhase;
			buildActionMask = 2147483647;
			files = (
				1DC4C3712C36BF3D00C27EE1 /* Roboto-Medium.ttf in Resources */,
				1DC4C3642C36B9EF00C27EE1 /* Colors.xcassets in Resources */,
				1DC4C3732C36BF3D00C27EE1 /* Roboto-Light.ttf in Resources */,
				1DC4C3722C36BF3D00C27EE1 /* Roboto-Bold.ttf in Resources */,
				1D433F6B2C37E21900412893 /* Preview Assets.xcassets in Resources */,
				1DC4C3592C36B34000C27EE1 /* Assets.xcassets in Resources */,
			);
			runOnlyForDeploymentPostprocessing = 0;
		};
/* End PBXResourcesBuildPhase section */

/* Begin PBXSourcesBuildPhase section */
		1DC4C34D2C36B34000C27EE1 /* Sources */ = {
			isa = PBXSourcesBuildPhase;
			buildActionMask = 2147483647;
			files = (
				1DC4C37E2C37B31E00C27EE1 /* SavedLocationCard.swift in Sources */,
				1DE7F9892C3841CB0043178F /* WeatherService.swift in Sources */,
				1DC4C3682C36BA4000C27EE1 /* HomeView.swift in Sources */,
				1DC4C3572C36B34000C27EE1 /* ContentView.swift in Sources */,
				1DC4C3552C36B34000C27EE1 /* WeatherAppApp.swift in Sources */,
				1DC4C37A2C36EB5400C27EE1 /* NextWeekCardView.swift in Sources */,
				1DC4C37C2C37B1C100C27EE1 /* SavedLocationsView.swift in Sources */,
				1DC4C36A2C36BAFC00C27EE1 /* AppConstants.swift in Sources */,
				1DC4C3782C36EA4500C27EE1 /* UIColor+Extension.swift in Sources */,
			);
			runOnlyForDeploymentPostprocessing = 0;
		};
/* End PBXSourcesBuildPhase section */

/* Begin XCBuildConfiguration section */
		1DC4C35D2C36B34000C27EE1 /* Debug */ = {
			isa = XCBuildConfiguration;
			buildSettings = {
				ALWAYS_SEARCH_USER_PATHS = NO;
				ASSETCATALOG_COMPILER_GENERATE_SWIFT_ASSET_SYMBOL_EXTENSIONS = YES;
				CLANG_ANALYZER_NONNULL = YES;
				CLANG_ANALYZER_NUMBER_OBJECT_CONVERSION = YES_AGGRESSIVE;
				CLANG_CXX_LANGUAGE_STANDARD = "gnu++20";
				CLANG_ENABLE_MODULES = YES;
				CLANG_ENABLE_OBJC_ARC = YES;
				CLANG_ENABLE_OBJC_WEAK = YES;
				CLANG_WARN_BLOCK_CAPTURE_AUTORELEASING = YES;
				CLANG_WARN_BOOL_CONVERSION = YES;
				CLANG_WARN_COMMA = YES;
				CLANG_WARN_CONSTANT_CONVERSION = YES;
				CLANG_WARN_DEPRECATED_OBJC_IMPLEMENTATIONS = YES;
				CLANG_WARN_DIRECT_OBJC_ISA_USAGE = YES_ERROR;
				CLANG_WARN_DOCUMENTATION_COMMENTS = YES;
				CLANG_WARN_EMPTY_BODY = YES;
				CLANG_WARN_ENUM_CONVERSION = YES;
				CLANG_WARN_INFINITE_RECURSION = YES;
				CLANG_WARN_INT_CONVERSION = YES;
				CLANG_WARN_NON_LITERAL_NULL_CONVERSION = YES;
				CLANG_WARN_OBJC_IMPLICIT_RETAIN_SELF = YES;
				CLANG_WARN_OBJC_LITERAL_CONVERSION = YES;
				CLANG_WARN_OBJC_ROOT_CLASS = YES_ERROR;
				CLANG_WARN_QUOTED_INCLUDE_IN_FRAMEWORK_HEADER = YES;
				CLANG_WARN_RANGE_LOOP_ANALYSIS = YES;
				CLANG_WARN_STRICT_PROTOTYPES = YES;
				CLANG_WARN_SUSPICIOUS_MOVE = YES;
				CLANG_WARN_UNGUARDED_AVAILABILITY = YES_AGGRESSIVE;
				CLANG_WARN_UNREACHABLE_CODE = YES;
				CLANG_WARN__DUPLICATE_METHOD_MATCH = YES;
				COPY_PHASE_STRIP = NO;
				DEBUG_INFORMATION_FORMAT = dwarf;
				ENABLE_STRICT_OBJC_MSGSEND = YES;
				ENABLE_TESTABILITY = YES;
				ENABLE_USER_SCRIPT_SANDBOXING = YES;
				GCC_C_LANGUAGE_STANDARD = gnu17;
				GCC_DYNAMIC_NO_PIC = NO;
				GCC_NO_COMMON_BLOCKS = YES;
				GCC_OPTIMIZATION_LEVEL = 0;
				GCC_PREPROCESSOR_DEFINITIONS = (
					"DEBUG=1",
					"$(inherited)",
				);
				GCC_WARN_64_TO_32_BIT_CONVERSION = YES;
				GCC_WARN_ABOUT_RETURN_TYPE = YES_ERROR;
				GCC_WARN_UNDECLARED_SELECTOR = YES;
				GCC_WARN_UNINITIALIZED_AUTOS = YES_AGGRESSIVE;
				GCC_WARN_UNUSED_FUNCTION = YES;
				GCC_WARN_UNUSED_VARIABLE = YES;
				IPHONEOS_DEPLOYMENT_TARGET = 17.5;
				LOCALIZATION_PREFERS_STRING_CATALOGS = YES;
				MTL_ENABLE_DEBUG_INFO = INCLUDE_SOURCE;
				MTL_FAST_MATH = YES;
				ONLY_ACTIVE_ARCH = YES;
				SDKROOT = iphoneos;
				SWIFT_ACTIVE_COMPILATION_CONDITIONS = "DEBUG $(inherited)";
				SWIFT_OPTIMIZATION_LEVEL = "-Onone";
			};
			name = Debug;
		};
		1DC4C35E2C36B34000C27EE1 /* Release */ = {
			isa = XCBuildConfiguration;
			buildSettings = {
				ALWAYS_SEARCH_USER_PATHS = NO;
				ASSETCATALOG_COMPILER_GENERATE_SWIFT_ASSET_SYMBOL_EXTENSIONS = YES;
				CLANG_ANALYZER_NONNULL = YES;
				CLANG_ANALYZER_NUMBER_OBJECT_CONVERSION = YES_AGGRESSIVE;
				CLANG_CXX_LANGUAGE_STANDARD = "gnu++20";
				CLANG_ENABLE_MODULES = YES;
				CLANG_ENABLE_OBJC_ARC = YES;
				CLANG_ENABLE_OBJC_WEAK = YES;
				CLANG_WARN_BLOCK_CAPTURE_AUTORELEASING = YES;
				CLANG_WARN_BOOL_CONVERSION = YES;
				CLANG_WARN_COMMA = YES;
				CLANG_WARN_CONSTANT_CONVERSION = YES;
				CLANG_WARN_DEPRECATED_OBJC_IMPLEMENTATIONS = YES;
				CLANG_WARN_DIRECT_OBJC_ISA_USAGE = YES_ERROR;
				CLANG_WARN_DOCUMENTATION_COMMENTS = YES;
				CLANG_WARN_EMPTY_BODY = YES;
				CLANG_WARN_ENUM_CONVERSION = YES;
				CLANG_WARN_INFINITE_RECURSION = YES;
				CLANG_WARN_INT_CONVERSION = YES;
				CLANG_WARN_NON_LITERAL_NULL_CONVERSION = YES;
				CLANG_WARN_OBJC_IMPLICIT_RETAIN_SELF = YES;
				CLANG_WARN_OBJC_LITERAL_CONVERSION = YES;
				CLANG_WARN_OBJC_ROOT_CLASS = YES_ERROR;
				CLANG_WARN_QUOTED_INCLUDE_IN_FRAMEWORK_HEADER = YES;
				CLANG_WARN_RANGE_LOOP_ANALYSIS = YES;
				CLANG_WARN_STRICT_PROTOTYPES = YES;
				CLANG_WARN_SUSPICIOUS_MOVE = YES;
				CLANG_WARN_UNGUARDED_AVAILABILITY = YES_AGGRESSIVE;
				CLANG_WARN_UNREACHABLE_CODE = YES;
				CLANG_WARN__DUPLICATE_METHOD_MATCH = YES;
				COPY_PHASE_STRIP = NO;
				DEBUG_INFORMATION_FORMAT = "dwarf-with-dsym";
				ENABLE_NS_ASSERTIONS = NO;
				ENABLE_STRICT_OBJC_MSGSEND = YES;
				ENABLE_USER_SCRIPT_SANDBOXING = YES;
				GCC_C_LANGUAGE_STANDARD = gnu17;
				GCC_NO_COMMON_BLOCKS = YES;
				GCC_WARN_64_TO_32_BIT_CONVERSION = YES;
				GCC_WARN_ABOUT_RETURN_TYPE = YES_ERROR;
				GCC_WARN_UNDECLARED_SELECTOR = YES;
				GCC_WARN_UNINITIALIZED_AUTOS = YES_AGGRESSIVE;
				GCC_WARN_UNUSED_FUNCTION = YES;
				GCC_WARN_UNUSED_VARIABLE = YES;
				IPHONEOS_DEPLOYMENT_TARGET = 17.5;
				LOCALIZATION_PREFERS_STRING_CATALOGS = YES;
				MTL_ENABLE_DEBUG_INFO = NO;
				MTL_FAST_MATH = YES;
				SDKROOT = iphoneos;
				SWIFT_COMPILATION_MODE = wholemodule;
				VALIDATE_PRODUCT = YES;
			};
			name = Release;
		};
		1DC4C3602C36B34000C27EE1 /* Debug */ = {
			isa = XCBuildConfiguration;
			buildSettings = {
				ASSETCATALOG_COMPILER_APPICON_NAME = AppIcon;
				ASSETCATALOG_COMPILER_GLOBAL_ACCENT_COLOR_NAME = AccentColor;
				CODE_SIGN_STYLE = Automatic;
				CURRENT_PROJECT_VERSION = 1;
				DEVELOPMENT_ASSET_PATHS = "\"WeatherApp/Preview Content\"";
				DEVELOPMENT_TEAM = MXW9X57F2Y;
				ENABLE_PREVIEWS = YES;
				GENERATE_INFOPLIST_FILE = YES;
				INFOPLIST_FILE = WeatherApp/Info.plist;
				INFOPLIST_KEY_UIApplicationSceneManifest_Generation = YES;
				INFOPLIST_KEY_UIApplicationSupportsIndirectInputEvents = YES;
				INFOPLIST_KEY_UILaunchScreen_Generation = YES;
				INFOPLIST_KEY_UISupportedInterfaceOrientations_iPad = "UIInterfaceOrientationPortrait UIInterfaceOrientationPortraitUpsideDown UIInterfaceOrientationLandscapeLeft UIInterfaceOrientationLandscapeRight";
				INFOPLIST_KEY_UISupportedInterfaceOrientations_iPhone = "UIInterfaceOrientationPortrait UIInterfaceOrientationLandscapeLeft UIInterfaceOrientationLandscapeRight";
				LD_RUNPATH_SEARCH_PATHS = (
					"$(inherited)",
					"@executable_path/Frameworks",
				);
				MARKETING_VERSION = 1.0;
				PRODUCT_BUNDLE_IDENTIFIER = com.haider.SkyCast;
				PRODUCT_NAME = "$(TARGET_NAME)";
				SWIFT_EMIT_LOC_STRINGS = YES;
				SWIFT_VERSION = 5.0;
				TARGETED_DEVICE_FAMILY = "1,2";
			};
			name = Debug;
		};
		1DC4C3612C36B34000C27EE1 /* Release */ = {
			isa = XCBuildConfiguration;
			buildSettings = {
				ASSETCATALOG_COMPILER_APPICON_NAME = AppIcon;
				ASSETCATALOG_COMPILER_GLOBAL_ACCENT_COLOR_NAME = AccentColor;
				CODE_SIGN_STYLE = Automatic;
				CURRENT_PROJECT_VERSION = 1;
				DEVELOPMENT_ASSET_PATHS = "\"WeatherApp/Preview Content\"";
				DEVELOPMENT_TEAM = MXW9X57F2Y;
				ENABLE_PREVIEWS = YES;
				GENERATE_INFOPLIST_FILE = YES;
				INFOPLIST_FILE = WeatherApp/Info.plist;
				INFOPLIST_KEY_UIApplicationSceneManifest_Generation = YES;
				INFOPLIST_KEY_UIApplicationSupportsIndirectInputEvents = YES;
				INFOPLIST_KEY_UILaunchScreen_Generation = YES;
				INFOPLIST_KEY_UISupportedInterfaceOrientations_iPad = "UIInterfaceOrientationPortrait UIInterfaceOrientationPortraitUpsideDown UIInterfaceOrientationLandscapeLeft UIInterfaceOrientationLandscapeRight";
				INFOPLIST_KEY_UISupportedInterfaceOrientations_iPhone = "UIInterfaceOrientationPortrait UIInterfaceOrientationLandscapeLeft UIInterfaceOrientationLandscapeRight";
				LD_RUNPATH_SEARCH_PATHS = (
					"$(inherited)",
					"@executable_path/Frameworks",
				);
				MARKETING_VERSION = 1.0;
				PRODUCT_BUNDLE_IDENTIFIER = com.haider.SkyCast;
				PRODUCT_NAME = "$(TARGET_NAME)";
				SWIFT_EMIT_LOC_STRINGS = YES;
				SWIFT_VERSION = 5.0;
				TARGETED_DEVICE_FAMILY = "1,2";
			};
			name = Release;
		};
/* End XCBuildConfiguration section */

/* Begin XCConfigurationList section */
		1DC4C34C2C36B34000C27EE1 /* Build configuration list for PBXProject "WeatherApp" */ = {
			isa = XCConfigurationList;
			buildConfigurations = (
				1DC4C35D2C36B34000C27EE1 /* Debug */,
				1DC4C35E2C36B34000C27EE1 /* Release */,
			);
			defaultConfigurationIsVisible = 0;
			defaultConfigurationName = Release;
		};
		1DC4C35F2C36B34000C27EE1 /* Build configuration list for PBXNativeTarget "WeatherApp" */ = {
			isa = XCConfigurationList;
			buildConfigurations = (
				1DC4C3602C36B34000C27EE1 /* Debug */,
				1DC4C3612C36B34000C27EE1 /* Release */,
			);
			defaultConfigurationIsVisible = 0;
			defaultConfigurationName = Release;
		};
/* End XCConfigurationList section */
	};
	rootObject = 1DC4C3492C36B34000C27EE1 /* Project object */;
}
